
Microsoft Visual Studio Solution File, Format Version 12.00
# Visual Studio Version 16
VisualStudioVersion = 16.0.810.16
MinimumVisualStudioVersion = 10.0.40219.1
Project("{FAE04EC0-301F-11D3-BF4B-00C04F79EFBC}") = "MySQLFun", "MySQLFun\MySQLFun.csproj", "{896B1C28-0E58-4ED0-99BD-99AB05327059}"
EndProject
Global
	GlobalSection(SolutionConfigurationPlatforms) = preSolution
		Debug|Any CPU = Debug|Any CPU
		Release|Any CPU = Release|Any CPU
	EndGlobalSection
	GlobalSection(ProjectConfigurationPlatforms) = postSolution
		{896B1C28-0E58-4ED0-99BD-99AB05327059}.Debug|Any CPU.ActiveCfg = Debug|Any CPU
		{896B1C28-0E58-4ED0-99BD-99AB05327059}.Debug|Any CPU.Build.0 = Debug|Any CPU
		{896B1C28-0E58-4ED0-99BD-99AB05327059}.Release|Any CPU.ActiveCfg = Release|Any CPU
		{896B1C28-0E58-4ED0-99BD-99AB05327059}.Release|Any CPU.Build.0 = Release|Any CPU
	EndGlobalSection
	GlobalSection(SolutionProperties) = preSolution
		HideSolutionNode = FALSE
	EndGlobalSection
	GlobalSection(ExtensibilityGlobals) = postSolution
		SolutionGuid = {8FC924C0-0722-4D68-B33E-39D413A14F3C}
	EndGlobalSection
EndGlobal
